Microsoft Visual Studio Solution File, Format Version 12.00
# Visual Studio 2012
Project("{FAE04EC0-301F-11D3-BF4B-00C04F79EFBC}") = "Orryx", "Orryx.csproj", "{781D0A99-1A6A-472B-97A5-4E17B6D6DDA9}"
EndProject
Global
	GlobalSection(SolutionConfigurationPlatforms) = preSolution
	Debug|Any CPU = Debug|Any CPU
	ExportDebug|Any CPU = ExportDebug|Any CPU
	ExportRelease|Any CPU = ExportRelease|Any CPU
	EndGlobalSection
	GlobalSection(ProjectConfigurationPlatforms) = postSolution
		{781D0A99-1A6A-472B-97A5-4E17B6D6DDA9}.Debug|Any CPU.ActiveCfg = Debug|Any CPU
		{781D0A99-1A6A-472B-97A5-4E17B6D6DDA9}.Debug|Any CPU.Build.0 = Debug|Any CPU
		{781D0A99-1A6A-472B-97A5-4E17B6D6DDA9}.ExportDebug|Any CPU.ActiveCfg = ExportDebug|Any CPU
		{781D0A99-1A6A-472B-97A5-4E17B6D6DDA9}.ExportDebug|Any CPU.Build.0 = ExportDebug|Any CPU
		{781D0A99-1A6A-472B-97A5-4E17B6D6DDA9}.ExportRelease|Any CPU.ActiveCfg = ExportRelease|Any CPU
		{781D0A99-1A6A-472B-97A5-4E17B6D6DDA9}.ExportRelease|Any CPU.Build.0 = ExportRelease|Any CPU
	EndGlobalSection
EndGlobal
